// !$*UTF8*$!
{
  archiveVersion = 1;
  classes = {
  };
  objectVersion = 56;
  objects = {

/* Begin PBXBuildFile section */
    A10000010000000000000001 /* EchoRelayApp.swift in Sources */ = {isa = PBXBuildFile; fileRef = A20000010000000000000001 /* EchoRelayApp.swift */; };
    A10000010000000000000002 /* Models.swift in Sources */ = {isa = PBXBuildFile; fileRef = A20000010000000000000002 /* Models.swift */; };
    A10000010000000000000003 /* BonjourBrowser.swift in Sources */ = {isa = PBXBuildFile; fileRef = A20000010000000000000003 /* BonjourBrowser.swift */; };
    A10000010000000000000004 /* SystemAudioCapture.swift in Sources */ = {isa = PBXBuildFile; fileRef = A20000010000000000000004 /* SystemAudioCapture.swift */; };
    A10000010000000000000005 /* AudioDSP.swift in Sources */ = {isa = PBXBuildFile; fileRef = A20000010000000000000005 /* AudioDSP.swift */; };
    A10000010000000000000006 /* AirPlaySession.swift in Sources */ = {isa = PBXBuildFile; fileRef = A20000010000000000000006 /* AirPlaySession.swift */; };
    A10000010000000000000007 /* HelperInstaller.swift in Sources */ = {isa = PBXBuildFile; fileRef = A20000010000000000000007 /* HelperInstaller.swift */; };
    A10000010000000000000008 /* AppState.swift in Sources */ = {isa = PBXBuildFile; fileRef = A20000010000000000000008 /* AppState.swift */; };
    A10000010000000000000009 /* ContentView.swift in Sources */ = {isa = PBXBuildFile; fileRef = A20000010000000000000009 /* ContentView.swift */; };
/* End PBXBuildFile section */

/* Begin PBXFileReference section */
    A20000010000000000000001 /* EchoRelayApp.swift */ = {isa = PBXFileReference; lastKnownFileType = sourcecode.swift; path = EchoRelayApp.swift; sourceTree = "<group>"; };
    A20000010000000000000002 /* Models.swift */ = {isa = PBXFileReference; lastKnownFileType = sourcecode.swift; path = Models.swift; sourceTree = "<group>"; };
    A20000010000000000000003 /* BonjourBrowser.swift */ = {isa = PBXFileReference; lastKnownFileType = sourcecode.swift; path = BonjourBrowser.swift; sourceTree = "<group>"; };
    A20000010000000000000004 /* SystemAudioCapture.swift */ = {isa = PBXFileReference; lastKnownFileType = sourcecode.swift; path = SystemAudioCapture.swift; sourceTree = "<group>"; };
    A20000010000000000000005 /* AudioDSP.swift */ = {isa = PBXFileReference; lastKnownFileType = sourcecode.swift; path = AudioDSP.swift; sourceTree = "<group>"; };
    A20000010000000000000006 /* AirPlaySession.swift */ = {isa = PBXFileReference; lastKnownFileType = sourcecode.swift; path = AirPlaySession.swift; sourceTree = "<group>"; };
    A20000010000000000000007 /* HelperInstaller.swift */ = {isa = PBXFileReference; lastKnownFileType = sourcecode.swift; path = HelperInstaller.swift; sourceTree = "<group>"; };
    A20000010000000000000008 /* AppState.swift */ = {isa = PBXFileReference; lastKnownFileType = sourcecode.swift; path = AppState.swift; sourceTree = "<group>"; };
    A20000010000000000000009 /* ContentView.swift */ = {isa = PBXFileReference; lastKnownFileType = sourcecode.swift; path = ContentView.swift; sourceTree = "<group>"; };
    A2000001000000000000000A /* Info.plist */ = {isa = PBXFileReference; lastKnownFileType = text.plist.xml; path = Info.plist; sourceTree = "<group>"; };
    A2000001000000000000000B /* EchoRelay.entitlements */ = {isa = PBXFileReference; lastKnownFileType = text.plist.entitlements; path = EchoRelay.entitlements; sourceTree = "<group>"; };
    A2000001000000000000000C /* EchoRelay.app */ = {isa = PBXFileReference; explicitFileType = wrapper.application; includeInIndex = 0; path = EchoRelay.app; sourceTree = BUILT_PRODUCTS_DIR; };
/* End PBXFileReference section */

/* Begin PBXFrameworksBuildPhase section */
    A30000010000000000000001 /* Frameworks */ = {
      isa = PBXFrameworksBuildPhase;
      buildActionMask = 2147483647;
      files = (
      );
      runOnlyForDeploymentPostprocessing = 0;
    };
/* End PBXFrameworksBuildPhase section */

/* Begin PBXGroup section */
    A40000010000000000000001 = {
      isa = PBXGroup;
      children = (
        A40000010000000000000002 /* EchoRelay */,
        A40000010000000000000003 /* Products */,
      );
      sourceTree = "<group>";
    };
    A40000010000000000000002 /* EchoRelay */ = {
      isa = PBXGroup;
      children = (
        A20000010000000000000001 /* EchoRelayApp.swift */,
        A20000010000000000000002 /* Models.swift */,
        A20000010000000000000003 /* BonjourBrowser.swift */,
        A20000010000000000000004 /* SystemAudioCapture.swift */,
        A20000010000000000000005 /* AudioDSP.swift */,
        A20000010000000000000006 /* AirPlaySession.swift */,
        A20000010000000000000007 /* HelperInstaller.swift */,
        A20000010000000000000008 /* AppState.swift */,
        A20000010000000000000009 /* ContentView.swift */,
        A2000001000000000000000A /* Info.plist */,
        A2000001000000000000000B /* EchoRelay.entitlements */,
      );
      path = EchoRelay;
      sourceTree = "<group>";
    };
    A40000010000000000000003 /* Products */ = {
      isa = PBXGroup;
      children = (
        A2000001000000000000000C /* EchoRelay.app */,
      );
      name = Products;
      sourceTree = "<group>";
    };
/* End PBXGroup section */

/* Begin PBXNativeTarget section */
    A50000010000000000000001 /* EchoRelay */ = {
      isa = PBXNativeTarget;
      buildConfigurationList = A60000010000000000000001 /* Build configuration list for PBXNativeTarget "EchoRelay" */;
      buildPhases = (
        A70000010000000000000001 /* Sources */,
        A30000010000000000000001 /* Frameworks */,
        A70000010000000000000002 /* Resources */,
      );
      buildRules = (
      );
      dependencies = (
      );
      name = EchoRelay;
      productName = EchoRelay;
      productReference = A2000001000000000000000C /* EchoRelay.app */;
      productType = "com.apple.product-type.application";
    };
/* End PBXNativeTarget section */

/* Begin PBXProject section */
    A80000010000000000000001 /* Project object */ = {
      isa = PBXProject;
      attributes = {
        LastSwiftUpdateCheck = 2600;
        LastUpgradeCheck = 2600;
        TargetAttributes = {
          A50000010000000000000001 = {
            CreatedOnToolsVersion = 16.0;
          };
        };
      };
      buildConfigurationList = A60000010000000000000002 /* Build configuration list for PBXProject "EchoRelay" */;
      compatibilityVersion = "Xcode 14.0";
      developmentRegion = en;
      hasScannedForEncodings = 0;
      knownRegions = (
        en,
        Base,
      );
      mainGroup = A40000010000000000000001;
      productRefGroup = A40000010000000000000003 /* Products */;
      projectDirPath = "";
      projectRoot = "";
      targets = (
        A50000010000000000000001 /* EchoRelay */,
      );
    };
/* End PBXProject section */

/* Begin PBXResourcesBuildPhase section */
    A70000010000000000000002 /* Resources */ = {
      isa = PBXResourcesBuildPhase;
      buildActionMask = 2147483647;
      files = (
      );
      runOnlyForDeploymentPostprocessing = 0;
    };
/* End PBXResourcesBuildPhase section */

/* Begin PBXSourcesBuildPhase section */
    A70000010000000000000001 /* Sources */ = {
      isa = PBXSourcesBuildPhase;
      buildActionMask = 2147483647;
      files = (
        A10000010000000000000001 /* EchoRelayApp.swift in Sources */,
        A10000010000000000000002 /* Models.swift in Sources */,
        A10000010000000000000003 /* BonjourBrowser.swift in Sources */,
        A10000010000000000000004 /* SystemAudioCapture.swift in Sources */,
        A10000010000000000000005 /* AudioDSP.swift in Sources */,
        A10000010000000000000006 /* AirPlaySession.swift in Sources */,
        A10000010000000000000007 /* HelperInstaller.swift in Sources */,
        A10000010000000000000008 /* AppState.swift in Sources */,
        A10000010000000000000009 /* ContentView.swift in Sources */,
      );
      runOnlyForDeploymentPostprocessing = 0;
    };
/* End PBXSourcesBuildPhase section */

/* Begin XCBuildConfiguration section */
    A90000010000000000000001 /* Debug */ = {
      isa = XCBuildConfiguration;
      buildSettings = {
        ALWAYS_SEARCH_USER_PATHS = NO;
        CLANG_ENABLE_MODULES = YES;
        CODE_SIGN_ENTITLEMENTS = EchoRelay/EchoRelay.entitlements;
        CODE_SIGN_STYLE = Automatic;
        CURRENT_PROJECT_VERSION = 1;
        DEVELOPMENT_TEAM = "";
        GENERATE_INFOPLIST_FILE = NO;
        INFOPLIST_FILE = EchoRelay/Info.plist;
        MACOSX_DEPLOYMENT_TARGET = 14.4;
        PRODUCT_BUNDLE_IDENTIFIER = com.yashas.EchoRelay;
        PRODUCT_NAME = EchoRelay;
        SWIFT_OPTIMIZATION_LEVEL = "-Onone";
        SWIFT_VERSION = 5.0;
      };
      name = Debug;
    };
    A90000010000000000000002 /* Release */ = {
      isa = XCBuildConfiguration;
      buildSettings = {
        ALWAYS_SEARCH_USER_PATHS = NO;
        CLANG_ENABLE_MODULES = YES;
        CODE_SIGN_ENTITLEMENTS = EchoRelay/EchoRelay.entitlements;
        CODE_SIGN_STYLE = Automatic;
        CURRENT_PROJECT_VERSION = 1;
        DEVELOPMENT_TEAM = "";
        GENERATE_INFOPLIST_FILE = NO;
        INFOPLIST_FILE = EchoRelay/Info.plist;
        MACOSX_DEPLOYMENT_TARGET = 14.4;
        PRODUCT_BUNDLE_IDENTIFIER = com.yashas.EchoRelay;
        PRODUCT_NAME = EchoRelay;
        SWIFT_OPTIMIZATION_LEVEL = "-O";
        SWIFT_VERSION = 5.0;
      };
      name = Release;
    };
    A90000010000000000000003 /* Project Debug */ = {
      isa = XCBuildConfiguration;
      buildSettings = {
        ALWAYS_SEARCH_USER_PATHS = NO;
        CLANG_ENABLE_MODULES = YES;
        CLANG_ENABLE_OBJC_ARC = YES;
        SWIFT_VERSION = 5.0;
      };
      name = Debug;
    };
    A90000010000000000000004 /* Project Release */ = {
      isa = XCBuildConfiguration;
      buildSettings = {
        ALWAYS_SEARCH_USER_PATHS = NO;
        CLANG_ENABLE_MODULES = YES;
        CLANG_ENABLE_OBJC_ARC = YES;
        SWIFT_VERSION = 5.0;
      };
      name = Release;
    };
/* End XCBuildConfiguration section */

/* Begin XCConfigurationList section */
    A60000010000000000000001 /* Build configuration list for PBXNativeTarget "EchoRelay" */ = {
      isa = XCConfigurationList;
      buildConfigurations = (
        A90000010000000000000001 /* Debug */,
        A90000010000000000000002 /* Release */,
      );
      defaultConfigurationIsVisible = 0;
      defaultConfigurationName = Release;
    };
    A60000010000000000000002 /* Build configuration list for PBXProject "EchoRelay" */ = {
      isa = XCConfigurationList;
      buildConfigurations = (
        A90000010000000000000003 /* Project Debug */,
        A90000010000000000000004 /* Project Release */,
      );
      defaultConfigurationIsVisible = 0;
      defaultConfigurationName = Release;
    };
/* End XCConfigurationList section */
  };
  rootObject = A80000010000000000000001 /* Project object */;
}
